
Microsoft Visual Studio Solution File, Format Version 12.00
# Visual Studio 2012
Project("{FAE04EC0-301F-11D3-BF4B-00C04F79EFBC}") = "SportsStore.Domain", "SportsStore.Domain\SportsStore.Domain.csproj", "{6F91B4C7-8F8C-49AB-AD02-F1087868CB99}"
EndProject
Project("{FAE04EC0-301F-11D3-BF4B-00C04F79EFBC}") = "SportsStore.WebUI", "SportsStore.WebUI\SportsStore.WebUI.csproj", "{4BC26008-F309-490C-A269-BAA57B5C1446}"
EndProject
Project("{FAE04EC0-301F-11D3-BF4B-00C04F79EFBC}") = "SportsStore.UnitTests", "SportsStore.UnitTests\SportsStore.UnitTests.csproj", "{66F6D552-575D-49DF-9B37-9A2C6C663057}"
EndProject
Global
	GlobalSection(SolutionConfigurationPlatforms) = preSolution
		Debug|Any CPU = Debug|Any CPU
		Release|Any CPU = Release|Any CPU
	EndGlobalSection
	GlobalSection(ProjectConfigurationPlatforms) = postSolution
		{6F91B4C7-8F8C-49AB-AD02-F1087868CB99}.Debug|Any CPU.ActiveCfg = Debug|Any CPU
		{6F91B4C7-8F8C-49AB-AD02-F1087868CB99}.Debug|Any CPU.Build.0 = Debug|Any CPU
		{6F91B4C7-8F8C-49AB-AD02-F1087868CB99}.Release|Any CPU.ActiveCfg = Release|Any CPU
		{6F91B4C7-8F8C-49AB-AD02-F1087868CB99}.Release|Any CPU.Build.0 = Release|Any CPU
		{4BC26008-F309-490C-A269-BAA57B5C1446}.Debug|Any CPU.ActiveCfg = Debug|Any CPU
		{4BC26008-F309-490C-A269-BAA57B5C1446}.Debug|Any CPU.Build.0 = Debug|Any CPU
		{4BC26008-F309-490C-A269-BAA57B5C1446}.Release|Any CPU.ActiveCfg = Release|Any CPU
		{4BC26008-F309-490C-A269-BAA57B5C1446}.Release|Any CPU.Build.0 = Release|Any CPU
		{66F6D552-575D-49DF-9B37-9A2C6C663057}.Debug|Any CPU.ActiveCfg = Debug|Any CPU
		{66F6D552-575D-49DF-9B37-9A2C6C663057}.Debug|Any CPU.Build.0 = Debug|Any CPU
		{66F6D552-575D-49DF-9B37-9A2C6C663057}.Release|Any CPU.ActiveCfg = Release|Any CPU
		{66F6D552-575D-49DF-9B37-9A2C6C663057}.Release|Any CPU.Build.0 = Release|Any CPU
	EndGlobalSection
	GlobalSection(SolutionProperties) = preSolution
		HideSolutionNode = FALSE
	EndGlobalSection
EndGlobal
